
Microsoft Visual Studio Solution File, Format Version 12.00
# Visual Studio Version 16
VisualStudioVersion = 16.0.30711.63
MinimumVisualStudioVersion = 10.0.40219.1
Project("{FAE04EC0-301F-11D3-BF4B-00C04F79EFBC}") = "Moglan_Vlad_Proiect", "Moglan_Vlad_Proiect.csproj", "{48A5360F-8A9D-43A3-83F4-B3C99E8586A0}"
EndProject
Global
	GlobalSection(SolutionConfigurationPlatforms) = preSolution
		Debug|Any CPU = Debug|Any CPU
		Release|Any CPU = Release|Any CPU
	EndGlobalSection
	GlobalSection(ProjectConfigurationPlatforms) = postSolution
		{48A5360F-8A9D-43A3-83F4-B3C99E8586A0}.Debug|Any CPU.ActiveCfg = Debug|Any CPU
		{48A5360F-8A9D-43A3-83F4-B3C99E8586A0}.Debug|Any CPU.Build.0 = Debug|Any CPU
		{48A5360F-8A9D-43A3-83F4-B3C99E8586A0}.Release|Any CPU.ActiveCfg = Release|Any CPU
		{48A5360F-8A9D-43A3-83F4-B3C99E8586A0}.Release|Any CPU.Build.0 = Release|Any CPU
	EndGlobalSection
	GlobalSection(SolutionProperties) = preSolution
		HideSolutionNode = FALSE
	EndGlobalSection
	GlobalSection(ExtensibilityGlobals) = postSolution
		SolutionGuid = {49A005D3-6BBC-4925-9CD7-D060C74DD7F2}
	EndGlobalSection
EndGlobal
